
Microsoft Visual Studio Solution File, Format Version 12.00
# Visual Studio Version 16
VisualStudioVersion = 16.0.31424.327
MinimumVisualStudioVersion = 10.0.40219.1
Project("{9A19103F-16F7-4668-BE54-9A1E7A4F7556}") = "TestApp.Api", "src\TestApp.Api\TestApp.Api.csproj", "{F64D4255-87AC-482D-84CB-26846970A939}"
EndProject
Project("{FAE04EC0-301F-11D3-BF4B-00C04F79EFBC}") = "TestApp.Service", "src\TestApp.Service\TestApp.Service.csproj", "{AE9A327B-1FFB-4AE0-AF99-4CCF170F4DDC}"
EndProject
Global
	GlobalSection(SolutionConfigurationPlatforms) = preSolution
		Debug|Any CPU = Debug|Any CPU
		Release|Any CPU = Release|Any CPU
	EndGlobalSection
	GlobalSection(ProjectConfigurationPlatforms) = postSolution
		{F64D4255-87AC-482D-84CB-26846970A939}.Debug|Any CPU.ActiveCfg = Debug|Any CPU
		{F64D4255-87AC-482D-84CB-26846970A939}.Debug|Any CPU.Build.0 = Debug|Any CPU
		{F64D4255-87AC-482D-84CB-26846970A939}.Release|Any CPU.ActiveCfg = Release|Any CPU
		{F64D4255-87AC-482D-84CB-26846970A939}.Release|Any CPU.Build.0 = Release|Any CPU
		{AE9A327B-1FFB-4AE0-AF99-4CCF170F4DDC}.Debug|Any CPU.ActiveCfg = Debug|Any CPU
		{AE9A327B-1FFB-4AE0-AF99-4CCF170F4DDC}.Debug|Any CPU.Build.0 = Debug|Any CPU
		{AE9A327B-1FFB-4AE0-AF99-4CCF170F4DDC}.Release|Any CPU.ActiveCfg = Release|Any CPU
		{AE9A327B-1FFB-4AE0-AF99-4CCF170F4DDC}.Release|Any CPU.Build.0 = Release|Any CPU
	EndGlobalSection
	GlobalSection(SolutionProperties) = preSolution
		HideSolutionNode = FALSE
	EndGlobalSection
	GlobalSection(ExtensibilityGlobals) = postSolution
		SolutionGuid = {CBE1B3D3-165B-407E-A73A-4B52553EE0F0}
	EndGlobalSection
EndGlobal
